
Microsoft Visual Studio Solution File, Format Version 12.00
# Visual Studio Version 16
VisualStudioVersion = 25.0.1704.1
MinimumVisualStudioVersion = 10.0.40219.1
Project("{FAE04EC0-301F-11D3-BF4B-00C04F79EFBC}") = "AdaCredit", "AdaCredit\AdaCredit.csproj", "{71C504F7-CE7F-4CA1-A95B-23A2597BB52E}"
EndProject
Global
	GlobalSection(SolutionConfigurationPlatforms) = preSolution
		Debug|Any CPU = Debug|Any CPU
		Release|Any CPU = Release|Any CPU
	EndGlobalSection
	GlobalSection(ProjectConfigurationPlatforms) = postSolution
		{71C504F7-CE7F-4CA1-A95B-23A2597BB52E}.Debug|Any CPU.ActiveCfg = Debug|Any CPU
		{71C504F7-CE7F-4CA1-A95B-23A2597BB52E}.Debug|Any CPU.Build.0 = Debug|Any CPU
		{71C504F7-CE7F-4CA1-A95B-23A2597BB52E}.Release|Any CPU.ActiveCfg = Release|Any CPU
		{71C504F7-CE7F-4CA1-A95B-23A2597BB52E}.Release|Any CPU.Build.0 = Release|Any CPU
	EndGlobalSection
	GlobalSection(SolutionProperties) = preSolution
		HideSolutionNode = FALSE
	EndGlobalSection
	GlobalSection(ExtensibilityGlobals) = postSolution
		SolutionGuid = {E5C8FFE3-5E91-4D46-8BB9-DB1E859E9294}
	EndGlobalSection
EndGlobal
